// !$*UTF8*$!
{
	archiveVersion = 1;
	classes = {
	};
	objectVersion = 50;
	objects = {

/* Begin PBXBuildFile section */
		01AE903725118D6E0071B323 /* AppDelegate.swift in Sources */ = {isa = PBXBuildFile; fileRef = 01AE903625118D6E0071B323 /* AppDelegate.swift */; };
		01AE903925118D6E0071B323 /* SceneDelegate.swift in Sources */ = {isa = PBXBuildFile; fileRef = 01AE903825118D6E0071B323 /* SceneDelegate.swift */; };
		01AE903B25118D6E0071B323 /* ViewController.swift in Sources */ = {isa = PBXBuildFile; fileRef = 01AE903A25118D6E0071B323 /* ViewController.swift */; };
		01AE903E25118D6E0071B323 /* Main.storyboard in Resources */ = {isa = PBXBuildFile; fileRef = 01AE903C25118D6E0071B323 /* Main.storyboard */; };
		01AE904025118D6F0071B323 /* Assets.xcassets in Resources */ = {isa = PBXBuildFile; fileRef = 01AE903F25118D6F0071B323 /* Assets.xcassets */; };
		01AE904325118D6F0071B323 /* LaunchScreen.storyboard in Resources */ = {isa = PBXBuildFile; fileRef = 01AE904125118D6F0071B323 /* LaunchScreen.storyboard */; };
		E15690982511A09D0036AAFB /* HotelDetails.storyboard in Resources */ = {isa = PBXBuildFile; fileRef = E15690972511A09D0036AAFB /* HotelDetails.storyboard */; };
		E1626F5225142D0000BA30F2 /* Country.swift in Sources */ = {isa = PBXBuildFile; fileRef = E1626F5125142D0000BA30F2 /* Country.swift */; };
/* End PBXBuildFile section */

/* Begin PBXFileReference section */
		01AE903325118D6E0071B323 /* SuperHotel.app */ = {isa = PBXFileReference; explicitFileType = wrapper.application; includeInIndex = 0; path = SuperHotel.app; sourceTree = BUILT_PRODUCTS_DIR; };
		01AE903625118D6E0071B323 /* AppDelegate.swift */ = {isa = PBXFileReference; lastKnownFileType = sourcecode.swift; path = AppDelegate.swift; sourceTree = "<group>"; };
		01AE903825118D6E0071B323 /* SceneDelegate.swift */ = {isa = PBXFileReference; lastKnownFileType = sourcecode.swift; path = SceneDelegate.swift; sourceTree = "<group>"; };
		01AE903A25118D6E0071B323 /* ViewController.swift */ = {isa = PBXFileReference; lastKnownFileType = sourcecode.swift; path = ViewController.swift; sourceTree = "<group>"; };
		01AE903D25118D6E0071B323 /* Base */ = {isa = PBXFileReference; lastKnownFileType = file.storyboard; name = Base; path = Base.lproj/Main.storyboard; sourceTree = "<group>"; };
		01AE903F25118D6F0071B323 /* Assets.xcassets */ = {isa = PBXFileReference; lastKnownFileType = folder.assetcatalog; path = Assets.xcassets; sourceTree = "<group>"; };
		01AE904225118D6F0071B323 /* Base */ = {isa = PBXFileReference; lastKnownFileType = file.storyboard; name = Base; path = Base.lproj/LaunchScreen.storyboard; sourceTree = "<group>"; };
		01AE904425118D6F0071B323 /* Info.plist */ = {isa = PBXFileReference; lastKnownFileType = text.plist.xml; path = Info.plist; sourceTree = "<group>"; };
		E15690972511A09D0036AAFB /* HotelDetails.storyboard */ = {isa = PBXFileReference; lastKnownFileType = file.storyboard; path = HotelDetails.storyboard; sourceTree = "<group>"; };
		E1626F5125142D0000BA30F2 /* Country.swift */ = {isa = PBXFileReference; lastKnownFileType = sourcecode.swift; path = Country.swift; sourceTree = "<group>"; };
/* End PBXFileReference section */

/* Begin PBXFrameworksBuildPhase section */
		01AE903025118D6E0071B323 /* Frameworks */ = {
			isa = PBXFrameworksBuildPhase;
			buildActionMask = 2147483647;
			files = (
			);
			runOnlyForDeploymentPostprocessing = 0;
		};
/* End PBXFrameworksBuildPhase section */

/* Begin PBXGroup section */
		01AE902A25118D6E0071B323 = {
			isa = PBXGroup;
			children = (
				01AE903525118D6E0071B323 /* SuperHotel */,
				01AE903425118D6E0071B323 /* Products */,
			);
			sourceTree = "<group>";
		};
		01AE903425118D6E0071B323 /* Products */ = {
			isa = PBXGroup;
			children = (
				01AE903325118D6E0071B323 /* SuperHotel.app */,
			);
			name = Products;
			sourceTree = "<group>";
		};
		01AE903525118D6E0071B323 /* SuperHotel */ = {
			isa = PBXGroup;
			children = (
				01AE903625118D6E0071B323 /* AppDelegate.swift */,
				01AE903825118D6E0071B323 /* SceneDelegate.swift */,
				01AE903A25118D6E0071B323 /* ViewController.swift */,
				E1626F5125142D0000BA30F2 /* Country.swift */,
				01AE903C25118D6E0071B323 /* Main.storyboard */,
				E15690972511A09D0036AAFB /* HotelDetails.storyboard */,
				01AE903F25118D6F0071B323 /* Assets.xcassets */,
				01AE904125118D6F0071B323 /* LaunchScreen.storyboard */,
				01AE904425118D6F0071B323 /* Info.plist */,
			);
			path = SuperHotel;
			sourceTree = "<group>";
		};
/* End PBXGroup section */

/* Begin PBXNativeTarget section */
		01AE903225118D6E0071B323 /* SuperHotel */ = {
			isa = PBXNativeTarget;
			buildConfigurationList = 01AE904725118D6F0071B323 /* Build configuration list for PBXNativeTarget "SuperHotel" */;
			buildPhases = (
				01AE902F25118D6E0071B323 /* Sources */,
				01AE903025118D6E0071B323 /* Frameworks */,
				01AE903125118D6E0071B323 /* Resources */,
			);
			buildRules = (
			);
			dependencies = (
			);
			name = SuperHotel;
			productName = SuperHotel;
			productReference = 01AE903325118D6E0071B323 /* SuperHotel.app */;
			productType = "com.apple.product-type.application";
		};
/* End PBXNativeTarget section */

/* Begin PBXProject section */
		01AE902B25118D6E0071B323 /* Project object */ = {
			isa = PBXProject;
			attributes = {
				LastSwiftUpdateCheck = 1170;
				LastUpgradeCheck = 1170;
				ORGANIZATIONNAME = "Rafael Miguel";
				TargetAttributes = {
					01AE903225118D6E0071B323 = {
						CreatedOnToolsVersion = 11.7;
					};
				};
			};
			buildConfigurationList = 01AE902E25118D6E0071B323 /* Build configuration list for PBXProject "SuperHotel" */;
			compatibilityVersion = "Xcode 9.3";
			developmentRegion = en;
			hasScannedForEncodings = 0;
			knownRegions = (
				en,
				Base,
			);
			mainGroup = 01AE902A25118D6E0071B323;
			productRefGroup = 01AE903425118D6E0071B323 /* Products */;
			projectDirPath = "";
			projectRoot = "";
			targets = (
				01AE903225118D6E0071B323 /* SuperHotel */,
			);
		};
/* End PBXProject section */

/* Begin PBXResourcesBuildPhase section */
		01AE903125118D6E0071B323 /* Resources */ = {
			isa = PBXResourcesBuildPhase;
			buildActionMask = 2147483647;
			files = (
				E15690982511A09D0036AAFB /* HotelDetails.storyboard in Resources */,
				01AE904325118D6F0071B323 /* LaunchScreen.storyboard in Resources */,
				01AE904025118D6F0071B323 /* Assets.xcassets in Resources */,
				01AE903E25118D6E0071B323 /* Main.storyboard in Resources */,
			);
			runOnlyForDeploymentPostprocessing = 0;
		};
/* End PBXResourcesBuildPhase section */

/* Begin PBXSourcesBuildPhase section */
		01AE902F25118D6E0071B323 /* Sources */ = {
			isa = PBXSourcesBuildPhase;
			buildActionMask = 2147483647;
			files = (
				E1626F5225142D0000BA30F2 /* Country.swift in Sources */,
				01AE903B25118D6E0071B323 /* ViewController.swift in Sources */,
				01AE903725118D6E0071B323 /* AppDelegate.swift in Sources */,
				01AE903925118D6E0071B323 /* SceneDelegate.swift in Sources */,
			);
			runOnlyForDeploymentPostprocessing = 0;
		};
/* End PBXSourcesBuildPhase section */

/* Begin PBXVariantGroup section */
		01AE903C25118D6E0071B323 /* Main.storyboard */ = {
			isa = PBXVariantGroup;
			children = (
				01AE903D25118D6E0071B323 /* Base */,
			);
			name = Main.storyboard;
			sourceTree = "<group>";
		};
		01AE904125118D6F0071B323 /* LaunchScreen.storyboard */ = {
			isa = PBXVariantGroup;
			children = (
				01AE904225118D6F0071B323 /* Base */,
			);
			name = LaunchScreen.storyboard;
			sourceTree = "<group>";
		};
/* End PBXVariantGroup section */

/* Begin XCBuildConfiguration section */
		01AE904525118D6F0071B323 /* Debug */ = {
			isa = XCBuildConfiguration;
			buildSettings = {
				ALWAYS_SEARCH_USER_PATHS = NO;
				CLANG_ANALYZER_NONNULL = YES;
				CLANG_ANALYZER_NUMBER_OBJECT_CONVERSION = YES_AGGRESSIVE;
				CLANG_CXX_LANGUAGE_STANDARD = "gnu++14";
				CLANG_CXX_LIBRARY = "libc++";
				CLANG_ENABLE_MODULES = YES;
				CLANG_ENABLE_OBJC_ARC = YES;
				CLANG_ENABLE_OBJC_WEAK = YES;
				CLANG_WARN_BLOCK_CAPTURE_AUTORELEASING = YES;
				CLANG_WARN_BOOL_CONVERSION = YES;
				CLANG_WARN_COMMA = YES;
				CLANG_WARN_CONSTANT_CONVERSION = YES;
				CLANG_WARN_DEPRECATED_OBJC_IMPLEMENTATIONS = YES;
				CLANG_WARN_DIRECT_OBJC_ISA_USAGE = YES_ERROR;
				CLANG_WARN_DOCUMENTATION_COMMENTS = YES;
				CLANG_WARN_EMPTY_BODY = YES;
				CLANG_WARN_ENUM_CONVERSION = YES;
				CLANG_WARN_INFINITE_RECURSION = YES;
				CLANG_WARN_INT_CONVERSION = YES;
				CLANG_WARN_NON_LITERAL_NULL_CONVERSION = YES;
				CLANG_WARN_OBJC_IMPLICIT_RETAIN_SELF = YES;
				CLANG_WARN_OBJC_LITERAL_CONVERSION = YES;
				CLANG_WARN_OBJC_ROOT_CLASS = YES_ERROR;
				CLANG_WARN_RANGE_LOOP_ANALYSIS = YES;
				CLANG_WARN_STRICT_PROTOTYPES = YES;
				CLANG_WARN_SUSPICIOUS_MOVE = YES;
				CLANG_WARN_UNGUARDED_AVAILABILITY = YES_AGGRESSIVE;
				CLANG_WARN_UNREACHABLE_CODE = YES;
				CLANG_WARN__DUPLICATE_METHOD_MATCH = YES;
				COPY_PHASE_STRIP = NO;
				DEBUG_INFORMATION_FORMAT = dwarf;
				ENABLE_STRICT_OBJC_MSGSEND = YES;
				ENABLE_TESTABILITY = YES;
				GCC_C_LANGUAGE_STANDARD = gnu11;
				GCC_DYNAMIC_NO_PIC = NO;
				GCC_NO_COMMON_BLOCKS = YES;
				GCC_OPTIMIZATION_LEVEL = 0;
				GCC_PREPROCESSOR_DEFINITIONS = (
					"DEBUG=1",
					"$(inherited)",
				);
				GCC_WARN_64_TO_32_BIT_CONVERSION = YES;
				GCC_WARN_ABOUT_RETURN_TYPE = YES_ERROR;
				GCC_WARN_UNDECLARED_SELECTOR = YES;
				GCC_WARN_UNINITIALIZED_AUTOS = YES_AGGRESSIVE;
				GCC_WARN_UNUSED_FUNCTION = YES;
				GCC_WARN_UNUSED_VARIABLE = YES;
				IPHONEOS_DEPLOYMENT_TARGET = 13.7;
				MTL_ENABLE_DEBUG_INFO = INCLUDE_SOURCE;
				MTL_FAST_MATH = YES;
				ONLY_ACTIVE_ARCH = YES;
				SDKROOT = iphoneos;
				SWIFT_ACTIVE_COMPILATION_CONDITIONS = DEBUG;
				SWIFT_OPTIMIZATION_LEVEL = "-Onone";
			};
			name = Debug;
		};
		01AE904625118D6F0071B323 /* Release */ = {
			isa = XCBuildConfiguration;
			buildSettings = {
				ALWAYS_SEARCH_USER_PATHS = NO;
				CLANG_ANALYZER_NONNULL = YES;
				CLANG_ANALYZER_NUMBER_OBJECT_CONVERSION = YES_AGGRESSIVE;
				CLANG_CXX_LANGUAGE_STANDARD = "gnu++14";
				CLANG_CXX_LIBRARY = "libc++";
				CLANG_ENABLE_MODULES = YES;
				CLANG_ENABLE_OBJC_ARC = YES;
				CLANG_ENABLE_OBJC_WEAK = YES;
				CLANG_WARN_BLOCK_CAPTURE_AUTORELEASING = YES;
				CLANG_WARN_BOOL_CONVERSION = YES;
				CLANG_WARN_COMMA = YES;
				CLANG_WARN_CONSTANT_CONVERSION = YES;
				CLANG_WARN_DEPRECATED_OBJC_IMPLEMENTATIONS = YES;
				CLANG_WARN_DIRECT_OBJC_ISA_USAGE = YES_ERROR;
				CLANG_WARN_DOCUMENTATION_COMMENTS = YES;
				CLANG_WARN_EMPTY_BODY = YES;
				CLANG_WARN_ENUM_CONVERSION = YES;
				CLANG_WARN_INFINITE_RECURSION = YES;
				CLANG_WARN_INT_CONVERSION = YES;
				CLANG_WARN_NON_LITERAL_NULL_CONVERSION = YES;
				CLANG_WARN_OBJC_IMPLICIT_RETAIN_SELF = YES;
				CLANG_WARN_OBJC_LITERAL_CONVERSION = YES;
				CLANG_WARN_OBJC_ROOT_CLASS = YES_ERROR;
				CLANG_WARN_RANGE_LOOP_ANALYSIS = YES;
				CLANG_WARN_STRICT_PROTOTYPES = YES;
				CLANG_WARN_SUSPICIOUS_MOVE = YES;
				CLANG_WARN_UNGUARDED_AVAILABILITY = YES_AGGRESSIVE;
				CLANG_WARN_UNREACHABLE_CODE = YES;
				CLANG_WARN__DUPLICATE_METHOD_MATCH = YES;
				COPY_PHASE_STRIP = NO;
				DEBUG_INFORMATION_FORMAT = "dwarf-with-dsym";
				ENABLE_NS_ASSERTIONS = NO;
				ENABLE_STRICT_OBJC_MSGSEND = YES;
				GCC_C_LANGUAGE_STANDARD = gnu11;
				GCC_NO_COMMON_BLOCKS = YES;
				GCC_WARN_64_TO_32_BIT_CONVERSION = YES;
				GCC_WARN_ABOUT_RETURN_TYPE = YES_ERROR;
				GCC_WARN_UNDECLARED_SELECTOR = YES;
				GCC_WARN_UNINITIALIZED_AUTOS = YES_AGGRESSIVE;
				GCC_WARN_UNUSED_FUNCTION = YES;
				GCC_WARN_UNUSED_VARIABLE = YES;
				IPHONEOS_DEPLOYMENT_TARGET = 13.7;
				MTL_ENABLE_DEBUG_INFO = NO;
				MTL_FAST_MATH = YES;
				SDKROOT = iphoneos;
				SWIFT_COMPILATION_MODE = wholemodule;
				SWIFT_OPTIMIZATION_LEVEL = "-O";
				VALIDATE_PRODUCT = YES;
			};
			name = Release;
		};
		01AE904825118D6F0071B323 /* Debug */ = {
			isa = XCBuildConfiguration;
			buildSettings = {
				ASSETCATALOG_COMPILER_APPICON_NAME = AppIcon;
				CODE_SIGN_STYLE = Automatic;
				INFOPLIST_FILE = SuperHotel/Info.plist;
				LD_RUNPATH_SEARCH_PATHS = (
					"$(inherited)",
					"@executable_path/Frameworks",
				);
				PRODUCT_BUNDLE_IDENTIFIER = "Rafael-Miguel.SuperHotel";
				PRODUCT_NAME = "$(TARGET_NAME)";
				SWIFT_VERSION = 5.0;
				TARGETED_DEVICE_FAMILY = "1,2";
			};
			name = Debug;
		};
		01AE904925118D6F0071B323 /* Release */ = {
			isa = XCBuildConfiguration;
			buildSettings = {
				ASSETCATALOG_COMPILER_APPICON_NAME = AppIcon;
				CODE_SIGN_STYLE = Automatic;
				INFOPLIST_FILE = SuperHotel/Info.plist;
				LD_RUNPATH_SEARCH_PATHS = (
					"$(inherited)",
					"@executable_path/Frameworks",
				);
				PRODUCT_BUNDLE_IDENTIFIER = "Rafael-Miguel.SuperHotel";
				PRODUCT_NAME = "$(TARGET_NAME)";
				SWIFT_VERSION = 5.0;
				TARGETED_DEVICE_FAMILY = "1,2";
			};
			name = Release;
		};
/* End XCBuildConfiguration section */

/* Begin XCConfigurationList section */
		01AE902E25118D6E0071B323 /* Build configuration list for PBXProject "SuperHotel" */ = {
			isa = XCConfigurationList;
			buildConfigurations = (
				01AE904525118D6F0071B323 /* Debug */,
				01AE904625118D6F0071B323 /* Release */,
			);
			defaultConfigurationIsVisible = 0;
			defaultConfigurationName = Release;
		};
		01AE904725118D6F0071B323 /* Build configuration list for PBXNativeTarget "SuperHotel" */ = {
			isa = XCConfigurationList;
			buildConfigurations = (
				01AE904825118D6F0071B323 /* Debug */,
				01AE904925118D6F0071B323 /* Release */,
			);
			defaultConfigurationIsVisible = 0;
			defaultConfigurationName = Release;
		};
/* End XCConfigurationList section */
	};
	rootObject = 01AE902B25118D6E0071B323 /* Project object */;
}
